
Microsoft Visual Studio Solution File, Format Version 12.00
# Visual Studio 15
VisualStudioVersion = 15.0.26228.10
MinimumVisualStudioVersion = 10.0.40219.1
Project("{2150E333-8FDC-42A3-9474-1A3956D46DE8}") = "Repository", "Repository", "{70328F59-21DC-417B-8773-C7000DD2561E}"
	ProjectSection(SolutionItems) = preProject
		.gitattributes = .gitattributes
		.gitignore = .gitignore
		LICENSE.txt = LICENSE.txt
		README.md = README.md
	EndProjectSection
EndProject
Project("{9A19103F-16F7-4668-BE54-9A1E7A4F7556}") = "RecursiveChangeNotifier", "src\RecursiveChangeNotifier.csproj", "{D9380EC8-D60A-4260-B345-CC80F03E78FF}"
EndProject
Project("{FAE04EC0-301F-11D3-BF4B-00C04F79EFBC}") = "Tests", "Tests\Tests.csproj", "{72B793BE-5E79-4999-827F-F75678BACB51}"
EndProject
Global
	GlobalSection(SolutionConfigurationPlatforms) = preSolution
		Debug|Any CPU = Debug|Any CPU
		Release|Any CPU = Release|Any CPU
	EndGlobalSection
	GlobalSection(ProjectConfigurationPlatforms) = postSolution
		{D9380EC8-D60A-4260-B345-CC80F03E78FF}.Debug|Any CPU.ActiveCfg = Debug|Any CPU
		{D9380EC8-D60A-4260-B345-CC80F03E78FF}.Debug|Any CPU.Build.0 = Debug|Any CPU
		{D9380EC8-D60A-4260-B345-CC80F03E78FF}.Release|Any CPU.ActiveCfg = Release|Any CPU
		{D9380EC8-D60A-4260-B345-CC80F03E78FF}.Release|Any CPU.Build.0 = Release|Any CPU
		{72B793BE-5E79-4999-827F-F75678BACB51}.Debug|Any CPU.ActiveCfg = Debug|Any CPU
		{72B793BE-5E79-4999-827F-F75678BACB51}.Debug|Any CPU.Build.0 = Debug|Any CPU
		{72B793BE-5E79-4999-827F-F75678BACB51}.Release|Any CPU.ActiveCfg = Release|Any CPU
		{72B793BE-5E79-4999-827F-F75678BACB51}.Release|Any CPU.Build.0 = Release|Any CPU
	EndGlobalSection
	GlobalSection(SolutionProperties) = preSolution
		HideSolutionNode = FALSE
	EndGlobalSection
	GlobalSection(ExtensibilityGlobals) = postSolution
		SolutionGuid = {175247F2-7CC0-48C3-A21E-6141B2C884E2}
	EndGlobalSection
EndGlobal
